
Microsoft Visual Studio Solution File, Format Version 12.00
# Visual Studio Version 16
VisualStudioVersion = 16.0.31313.79
MinimumVisualStudioVersion = 10.0.40219.1
Project("{FAE04EC0-301F-11D3-BF4B-00C04F79EFBC}") = "P1-AP1-Frankelyn-20190276", "P1-AP1-Frankelyn-20190276.csproj", "{5B028A5A-9C72-4F2C-BEDA-A11D2E10AE9B}"
EndProject
Global
	GlobalSection(SolutionConfigurationPlatforms) = preSolution
		Debug|Any CPU = Debug|Any CPU
		Release|Any CPU = Release|Any CPU
	EndGlobalSection
	GlobalSection(ProjectConfigurationPlatforms) = postSolution
		{5B028A5A-9C72-4F2C-BEDA-A11D2E10AE9B}.Debug|Any CPU.ActiveCfg = Debug|Any CPU
		{5B028A5A-9C72-4F2C-BEDA-A11D2E10AE9B}.Debug|Any CPU.Build.0 = Debug|Any CPU
		{5B028A5A-9C72-4F2C-BEDA-A11D2E10AE9B}.Release|Any CPU.ActiveCfg = Release|Any CPU
		{5B028A5A-9C72-4F2C-BEDA-A11D2E10AE9B}.Release|Any CPU.Build.0 = Release|Any CPU
	EndGlobalSection
	GlobalSection(SolutionProperties) = preSolution
		HideSolutionNode = FALSE
	EndGlobalSection
	GlobalSection(ExtensibilityGlobals) = postSolution
		SolutionGuid = {42730E0F-A0F8-44E9-BBCE-E04E64847710}
	EndGlobalSection
EndGlobal
